// !$*UTF8*$!
{
"archiveVersion" = 1;
"classes" = {
};
"objectVersion" = 56;
"objects" = {
"9BD66A5FB894DB68F501EA3A" = {
"isa" = "PBXFileReference";
"lastKnownFileType" = "sourcecode.swift";
"path" = "AirnetApp.swift";
"sourceTree" = "<group>";
};
"129C9FA079FA5468125EE051" = {
"isa" = "PBXBuildFile";
"fileRef" = "9BD66A5FB894DB68F501EA3A";
};
"9727B9EED8ACD2EE46E136A0" = {
"isa" = "PBXFileReference";
"lastKnownFileType" = "sourcecode.swift";
"path" = "ContentView.swift";
"sourceTree" = "<group>";
};
"B4A081ADAD6BFF6324356F4F" = {
"isa" = "PBXBuildFile";
"fileRef" = "9727B9EED8ACD2EE46E136A0";
};
"38A007151ABE87CC01A5B6E9" = {
"isa" = "PBXFileReference";
"explicitFileType" = "wrapper.application";
"includeInIndex" = 0;
"path" = "Airnet.app";
"sourceTree" = "BUILT_PRODUCTS_DIR";
};
"582681C2EAE02B3F3D399C0C" = {
"isa" = "XCLocalSwiftPackageReference";
"relativePath" = "../AirnetCore";
};
"DE58E2B17C19600779694943" = {
"isa" = "XCSwiftPackageProductDependency";
"package" = "582681C2EAE02B3F3D399C0C";
"productName" = "AirnetCore";
};
"F178867DA2879CAE0F60630A" = {
"isa" = "PBXBuildFile";
"productRef" = "DE58E2B17C19600779694943";
};
"BCE16DD0260827ECF338C787" = {
"isa" = "PBXSourcesBuildPhase";
"buildActionMask" = 2147483647;
"files" = ("129C9FA079FA5468125EE051","B4A081ADAD6BFF6324356F4F");
"runOnlyForDeploymentPostprocessing" = 0;
};
"7561BFB015D8F536760CB671" = {
"isa" = "PBXFrameworksBuildPhase";
"buildActionMask" = 2147483647;
"files" = ("F178867DA2879CAE0F60630A");
"runOnlyForDeploymentPostprocessing" = 0;
};
"0189424A5A60FED329FA868E" = {
"isa" = "PBXResourcesBuildPhase";
"buildActionMask" = 2147483647;
"files" = ();
"runOnlyForDeploymentPostprocessing" = 0;
};
"3A2A88DEEFF3D1D23E496597" = {
"isa" = "PBXGroup";
"children" = ("9BD66A5FB894DB68F501EA3A","9727B9EED8ACD2EE46E136A0");
"path" = "Airnet";
"sourceTree" = "<group>";
};
"FBDC4F23F93125BBEEAE800C" = {
"isa" = "PBXGroup";
"children" = ("38A007151ABE87CC01A5B6E9");
"name" = "Products";
"sourceTree" = "<group>";
};
"B28B7AF69320201D1CF206EB" = {
"isa" = "PBXGroup";
"children" = ("3A2A88DEEFF3D1D23E496597","FBDC4F23F93125BBEEAE800C");
"sourceTree" = "<group>";
};
"89E1FD6268CC0F221A2BE178" = {
"isa" = "XCBuildConfiguration";
"name" = "Debug";
"buildSettings" = {
"CLANG_ENABLE_MODULES" = "YES";
"SWIFT_VERSION" = "5.0";
"IPHONEOS_DEPLOYMENT_TARGET" = "17.0";
"SDKROOT" = "iphoneos";
"SWIFT_OPTIMIZATION_LEVEL" = "-Onone";
};
};
"7082CC0B6FC1282FCEABD07A" = {
"isa" = "XCBuildConfiguration";
"name" = "Debug";
"buildSettings" = {
"PRODUCT_BUNDLE_IDENTIFIER" = "org.airnet.prototype";
"PRODUCT_NAME" = "$(TARGET_NAME)";
"CODE_SIGN_STYLE" = "Automatic";
"GENERATE_INFOPLIST_FILE" = "YES";
"INFOPLIST_KEY_CFBundleDisplayName" = "airnet";
"INFOPLIST_KEY_UILaunchScreen_Generation" = "YES";
"INFOPLIST_KEY_UIApplicationSceneManifest_Generation" = "YES";
"INFOPLIST_KEY_UISupportedInterfaceOrientations_iPhone" = "UIInterfaceOrientationPortrait UIInterfaceOrientationLandscapeLeft UIInterfaceOrientationLandscapeRight";
"INFOPLIST_KEY_UISupportedInterfaceOrientations_iPad" = "UIInterfaceOrientationPortrait UIInterfaceOrientationPortraitUpsideDown UIInterfaceOrientationLandscapeLeft UIInterfaceOrientationLandscapeRight";
"TARGETED_DEVICE_FAMILY" = "1,2";
"SUPPORTED_PLATFORMS" = "iphoneos iphonesimulator";
"SUPPORTS_MACCATALYST" = "NO";
};
};
"E6DE6C99132752C914FEF632" = {
"isa" = "XCBuildConfiguration";
"name" = "Release";
"buildSettings" = {
"CLANG_ENABLE_MODULES" = "YES";
"SWIFT_VERSION" = "5.0";
"IPHONEOS_DEPLOYMENT_TARGET" = "17.0";
"SDKROOT" = "iphoneos";
"SWIFT_OPTIMIZATION_LEVEL" = "-O";
};
};
"639A7CA24D39909E713B47F7" = {
"isa" = "XCBuildConfiguration";
"name" = "Release";
"buildSettings" = {
"PRODUCT_BUNDLE_IDENTIFIER" = "org.airnet.prototype";
"PRODUCT_NAME" = "$(TARGET_NAME)";
"CODE_SIGN_STYLE" = "Automatic";
"GENERATE_INFOPLIST_FILE" = "YES";
"INFOPLIST_KEY_CFBundleDisplayName" = "airnet";
"INFOPLIST_KEY_UILaunchScreen_Generation" = "YES";
"INFOPLIST_KEY_UIApplicationSceneManifest_Generation" = "YES";
"INFOPLIST_KEY_UISupportedInterfaceOrientations_iPhone" = "UIInterfaceOrientationPortrait UIInterfaceOrientationLandscapeLeft UIInterfaceOrientationLandscapeRight";
"INFOPLIST_KEY_UISupportedInterfaceOrientations_iPad" = "UIInterfaceOrientationPortrait UIInterfaceOrientationPortraitUpsideDown UIInterfaceOrientationLandscapeLeft UIInterfaceOrientationLandscapeRight";
"TARGETED_DEVICE_FAMILY" = "1,2";
"SUPPORTED_PLATFORMS" = "iphoneos iphonesimulator";
"SUPPORTS_MACCATALYST" = "NO";
};
};
"862894B703A6DEDF96A9DD6C" = {
"isa" = "XCConfigurationList";
"buildConfigurations" = ("89E1FD6268CC0F221A2BE178","E6DE6C99132752C914FEF632");
"defaultConfigurationIsVisible" = 0;
"defaultConfigurationName" = "Release";
};
"C57128001CE614BF8549D6BB" = {
"isa" = "XCConfigurationList";
"buildConfigurations" = ("7082CC0B6FC1282FCEABD07A","639A7CA24D39909E713B47F7");
"defaultConfigurationIsVisible" = 0;
"defaultConfigurationName" = "Release";
};
"0E8A3AD980EC179856012B7E" = {
"isa" = "PBXNativeTarget";
"buildConfigurationList" = "C57128001CE614BF8549D6BB";
"buildPhases" = ("BCE16DD0260827ECF338C787","7561BFB015D8F536760CB671","0189424A5A60FED329FA868E");
"buildRules" = ();
"dependencies" = ();
"name" = "Airnet";
"packageProductDependencies" = ("DE58E2B17C19600779694943");
"productName" = "Airnet";
"productReference" = "38A007151ABE87CC01A5B6E9";
"productType" = "com.apple.product-type.application";
};
"98F54143AB4E86B28C3AFEE0" = {
"isa" = "PBXProject";
"attributes" = {
"LastUpgradeCheck" = "1600";
};
"buildConfigurationList" = "862894B703A6DEDF96A9DD6C";
"compatibilityVersion" = "Xcode 14.0";
"developmentRegion" = "en";
"hasScannedForEncodings" = 0;
"knownRegions" = ("en","Base");
"mainGroup" = "B28B7AF69320201D1CF206EB";
"packageReferences" = ("582681C2EAE02B3F3D399C0C");
"productRefGroup" = "FBDC4F23F93125BBEEAE800C";
"projectDirPath" = "";
"projectRoot" = "";
"targets" = ("0E8A3AD980EC179856012B7E");
};
};
"rootObject" = "98F54143AB4E86B28C3AFEE0";
}
